Microsoft Visual Studio Solution File, Format Version 12.00
# Visual Studio Version 17
VisualStudioVersion = 17.5.2.0
MinimumVisualStudioVersion = 10.0.40219.1
Project("{FAE04EC0-301F-11D3-BF4B-00C04F79EFBC}") = "UdemyCourse", "UdemyCourse.csproj", "{D3A046C9-4FBC-3B72-B962-ACE909FB6F27}"
EndProject
Global
	GlobalSection(SolutionConfigurationPlatforms) = preSolution
		Debug|Any CPU = Debug|Any CPU
		Release|Any CPU = Release|Any CPU
	EndGlobalSection
	GlobalSection(ProjectConfigurationPlatforms) = postSolution
		{D3A046C9-4FBC-3B72-B962-ACE909FB6F27}.Debug|Any CPU.ActiveCfg = Debug|Any CPU
		{D3A046C9-4FBC-3B72-B962-ACE909FB6F27}.Debug|Any CPU.Build.0 = Debug|Any CPU
		{D3A046C9-4FBC-3B72-B962-ACE909FB6F27}.Release|Any CPU.ActiveCfg = Release|Any CPU
		{D3A046C9-4FBC-3B72-B962-ACE909FB6F27}.Release|Any CPU.Build.0 = Release|Any CPU
	EndGlobalSection
	GlobalSection(SolutionProperties) = preSolution
		HideSolutionNode = FALSE
	EndGlobalSection
	GlobalSection(ExtensibilityGlobals) = postSolution
		SolutionGuid = {FCB611E8-115B-467A-8F5B-A3B3F22E8040}
	EndGlobalSection
EndGlobal
